// !$*UTF8*$!
{
	archiveVersion = 1;
	classes = {
	};
	objectVersion = 45;
	objects = {

/* Begin PBXBuildFile section */
		8DD76FAC0486AB0100D96B5E /* main.c in Sources */ = {isa = PBXBuildFile; fileRef = 08FB7796FE84155DC02AAC07 /* main.c */; settings = {ATTRIBUTES = (); }; };
		E56954D1104F9A7A00AD6FD7 /* libcunit.a in Frameworks */ = {isa = PBXBuildFile; fileRef = E56954D0104F9A7A00AD6FD7 /* libcunit.a */; };
		E574398410DE50A60009A9E5 /* cl_smith2san_cunittest.c in Sources */ = {isa = PBXBuildFile; fileRef = E574398210DE50A60009A9E5 /* cl_smith2san_cunittest.c */; };
		E57B09601176DEDB00E03991 /* cl_smith_utils.c in Sources */ = {isa = PBXBuildFile; fileRef = E57B095E1176DEDB00E03991 /* cl_smith_utils.c */; };
		E57B09711176E1E300E03991 /* cl_chess_defs.c in Sources */ = {isa = PBXBuildFile; fileRef = E57B09701176E1E300E03991 /* cl_chess_defs.c */; };
		E57B09AB1176EAC300E03991 /* cl_gensmith_cunittest.c in Sources */ = {isa = PBXBuildFile; fileRef = E57B09A91176EAC300E03991 /* cl_gensmith_cunittest.c */; };
		E57B0A4B1176FD9F00E03991 /* cl_chess_utils.c in Sources */ = {isa = PBXBuildFile; fileRef = E57B0A4A1176FD9F00E03991 /* cl_chess_utils.c */; };
		E5FA6302104E574000F43836 /* cl_debug.c in Sources */ = {isa = PBXBuildFile; fileRef = E5FA62F9104E574000F43836 /* cl_debug.c */; };
		E5FA6303104E574000F43836 /* cl_genutils.c in Sources */ = {isa = PBXBuildFile; fileRef = E5FA62FC104E574000F43836 /* cl_genutils.c */; };
		E5FA6304104E574000F43836 /* CLSTLFunctions.cpp in Sources */ = {isa = PBXBuildFile; fileRef = E5FA62FE104E574000F43836 /* CLSTLFunctions.cpp */; };
		E5FA6305104E574000F43836 /* cutils_bsd.c in Sources */ = {isa = PBXBuildFile; fileRef = E5FA6300104E574000F43836 /* cutils_bsd.c */; };
/* End PBXBuildFile section */

/* Begin PBXCopyFilesBuildPhase section */
		8DD76FAF0486AB0100D96B5E /* CopyFiles */ = {
			isa = PBXCopyFilesBuildPhase;
			buildActionMask = 8;
			dstPath = /usr/share/man/man1/;
			dstSubfolderSpec = 0;
			files = (
			);
			runOnlyForDeploymentPostprocessing = 1;
		};
/* End PBXCopyFilesBuildPhase section */

/* Begin PBXFileReference section */
		08FB7796FE84155DC02AAC07 /* main.c */ = {isa = PBXFileReference; fileEncoding = 4; lastKnownFileType = sourcecode.c.c; path = main.c; sourceTree = "<group>"; };
		8DD76FB20486AB0100D96B5E /* CLChessUtils */ = {isa = PBXFileReference; explicitFileType = "compiled.mach-o.executable"; includeInIndex = 0; path = CLChessUtils; sourceTree = BUILT_PRODUCTS_DIR; };
		E56954D0104F9A7A00AD6FD7 /* libcunit.a */ = {isa = PBXFileReference; lastKnownFileType = archive.ar; name = libcunit.a; path = /usr/local/lib/libcunit.a; sourceTree = "<absolute>"; };
		E574398210DE50A60009A9E5 /* cl_smith2san_cunittest.c */ = {isa = PBXFileReference; fileEncoding = 4; lastKnownFileType = sourcecode.c.c; name = cl_smith2san_cunittest.c; path = tests/cl_smith2san_cunittest.c; sourceTree = "<group>"; };
		E574398310DE50A60009A9E5 /* cl_smith2san_cunittest.h */ = {isa = PBXFileReference; fileEncoding = 4; lastKnownFileType = sourcecode.c.h; name = cl_smith2san_cunittest.h; path = tests/cl_smith2san_cunittest.h; sourceTree = "<group>"; };
		E579D6891055B2400099EE54 /* zzzzzz.c */ = {isa = PBXFileReference; fileEncoding = 4; lastKnownFileType = sourcecode.c.c; name = zzzzzz.c; path = "../../../devel/projects/iPhoneChess/other-src/ZZZZZZ Source/zzzzzz.c"; sourceTree = SOURCE_ROOT; };
		E579D68A1055B2400099EE54 /* zzzzzz.h */ = {isa = PBXFileReference; fileEncoding = 4; lastKnownFileType = sourcecode.c.h; name = zzzzzz.h; path = "../../../devel/projects/iPhoneChess/other-src/ZZZZZZ Source/zzzzzz.h"; sourceTree = SOURCE_ROOT; };
		E57B095E1176DEDB00E03991 /* cl_smith_utils.c */ = {isa = PBXFileReference; fileEncoding = 4; lastKnownFileType = sourcecode.c.c; path = cl_smith_utils.c; sourceTree = "<group>"; };
		E57B095F1176DEDB00E03991 /* cl_smith_utils.h */ = {isa = PBXFileReference; fileEncoding = 4; lastKnownFileType = sourcecode.c.h; path = cl_smith_utils.h; sourceTree = "<group>"; };
		E57B096F1176E1E300E03991 /* cl_chess_defs.h */ = {isa = PBXFileReference; fileEncoding = 4; lastKnownFileType = sourcecode.c.h; path = cl_chess_defs.h; sourceTree = "<group>"; };
		E57B09701176E1E300E03991 /* cl_chess_defs.c */ = {isa = PBXFileReference; fileEncoding = 4; lastKnownFileType = sourcecode.c.c; path = cl_chess_defs.c; sourceTree = "<group>"; };
		E57B09A91176EAC300E03991 /* cl_gensmith_cunittest.c */ = {isa = PBXFileReference; fileEncoding = 4; lastKnownFileType = sourcecode.c.c; name = cl_gensmith_cunittest.c; path = tests/cl_gensmith_cunittest.c; sourceTree = "<group>"; };
		E57B09AA1176EAC300E03991 /* cl_gensmith_cunittest.h */ = {isa = PBXFileReference; fileEncoding = 4; lastKnownFileType = sourcecode.c.h; name = cl_gensmith_cunittest.h; path = tests/cl_gensmith_cunittest.h; sourceTree = "<group>"; };
		E57B0A491176FD9F00E03991 /* cl_chess_utils.h */ = {isa = PBXFileReference; fileEncoding = 4; lastKnownFileType = sourcecode.c.h; path = cl_chess_utils.h; sourceTree = "<group>"; };
		E57B0A4A1176FD9F00E03991 /* cl_chess_utils.c */ = {isa = PBXFileReference; fileEncoding = 4; lastKnownFileType = sourcecode.c.c; path = cl_chess_utils.c; sourceTree = "<group>"; };
		E5FA62F9104E574000F43836 /* cl_debug.c */ = {isa = PBXFileReference; fileEncoding = 4; lastKnownFileType = sourcecode.c.c; path = cl_debug.c; sourceTree = "<group>"; };
		E5FA62FA104E574000F43836 /* cl_debug.h */ = {isa = PBXFileReference; fileEncoding = 4; lastKnownFileType = sourcecode.c.h; path = cl_debug.h; sourceTree = "<group>"; };
		E5FA62FC104E574000F43836 /* cl_genutils.c */ = {isa = PBXFileReference; fileEncoding = 4; lastKnownFileType = sourcecode.c.c; path = cl_genutils.c; sourceTree = "<group>"; };
		E5FA62FD104E574000F43836 /* cl_genutils.h */ = {isa = PBXFileReference; fileEncoding = 4; lastKnownFileType = sourcecode.c.h; path = cl_genutils.h; sourceTree = "<group>"; };
		E5FA62FE104E574000F43836 /* CLSTLFunctions.cpp */ = {isa = PBXFileReference; fileEncoding = 4; lastKnownFileType = sourcecode.cpp.cpp; path = CLSTLFunctions.cpp; sourceTree = "<group>"; };
		E5FA62FF104E574000F43836 /* CLSTLFunctions.h */ = {isa = PBXFileReference; fileEncoding = 4; lastKnownFileType = sourcecode.c.h; path = CLSTLFunctions.h; sourceTree = "<group>"; };
		E5FA6300104E574000F43836 /* cutils_bsd.c */ = {isa = PBXFileReference; fileEncoding = 4; lastKnownFileType = sourcecode.c.c; path = cutils_bsd.c; sourceTree = "<group>"; };
		E5FA6301104E574000F43836 /* cutils_bsd.h */ = {isa = PBXFileReference; fileEncoding = 4; lastKnownFileType = sourcecode.c.h; path = cutils_bsd.h; sourceTree = "<group>"; };
		E5FA6307104E575300F43836 /* cl_errors.h */ = {isa = PBXFileReference; fileEncoding = 4; lastKnownFileType = sourcecode.c.h; name = cl_errors.h; path = ../cl_errors.h; sourceTree = SOURCE_ROOT; };
/* End PBXFileReference section */

/* Begin PBXFrameworksBuildPhase section */
		8DD76FAD0486AB0100D96B5E /* Frameworks */ = {
			isa = PBXFrameworksBuildPhase;
			buildActionMask = 2147483647;
			files = (
				E56954D1104F9A7A00AD6FD7 /* libcunit.a in Frameworks */,
			);
			runOnlyForDeploymentPostprocessing = 0;
		};
/* End PBXFrameworksBuildPhase section */

/* Begin PBXGroup section */
		08FB7794FE84155DC02AAC07 /* CLChessUtils */ = {
			isa = PBXGroup;
			children = (
				E5FA6307104E575300F43836 /* cl_errors.h */,
				08FB7795FE84155DC02AAC07 /* Source */,
				E57B099E1176EAAE00E03991 /* tests */,
				E5FA62F8104E574000F43836 /* cl_debug */,
				E5FA62FB104E574000F43836 /* CLcutils */,
				E579D6811055B22E0099EE54 /* ZZZZZZ */,
				E56954D3104F9A8C00AD6FD7 /* Libraries */,
				1AB674ADFE9D54B511CA2CBB /* Products */,
			);
			name = CLChessUtils;
			sourceTree = "<group>";
		};
		08FB7795FE84155DC02AAC07 /* Source */ = {
			isa = PBXGroup;
			children = (
				E57B096F1176E1E300E03991 /* cl_chess_defs.h */,
				E57B09701176E1E300E03991 /* cl_chess_defs.c */,
				E57B095F1176DEDB00E03991 /* cl_smith_utils.h */,
				E57B095E1176DEDB00E03991 /* cl_smith_utils.c */,
				E57B0A491176FD9F00E03991 /* cl_chess_utils.h */,
				E57B0A4A1176FD9F00E03991 /* cl_chess_utils.c */,
			);
			name = Source;
			sourceTree = "<group>";
		};
		1AB674ADFE9D54B511CA2CBB /* Products */ = {
			isa = PBXGroup;
			children = (
				8DD76FB20486AB0100D96B5E /* CLChessUtils */,
			);
			name = Products;
			sourceTree = "<group>";
		};
		E56954D3104F9A8C00AD6FD7 /* Libraries */ = {
			isa = PBXGroup;
			children = (
				E56954D0104F9A7A00AD6FD7 /* libcunit.a */,
			);
			name = Libraries;
			sourceTree = "<group>";
		};
		E579D6811055B22E0099EE54 /* ZZZZZZ */ = {
			isa = PBXGroup;
			children = (
				E579D68A1055B2400099EE54 /* zzzzzz.h */,
				E579D6891055B2400099EE54 /* zzzzzz.c */,
			);
			name = ZZZZZZ;
			sourceTree = "<group>";
		};
		E57B099E1176EAAE00E03991 /* tests */ = {
			isa = PBXGroup;
			children = (
				08FB7796FE84155DC02AAC07 /* main.c */,
				E574398310DE50A60009A9E5 /* cl_smith2san_cunittest.h */,
				E57B09AA1176EAC300E03991 /* cl_gensmith_cunittest.h */,
				E574398210DE50A60009A9E5 /* cl_smith2san_cunittest.c */,
				E57B09A91176EAC300E03991 /* cl_gensmith_cunittest.c */,
			);
			name = tests;
			sourceTree = "<group>";
		};
		E5FA62F8104E574000F43836 /* cl_debug */ = {
			isa = PBXGroup;
			children = (
				E5FA62F9104E574000F43836 /* cl_debug.c */,
				E5FA62FA104E574000F43836 /* cl_debug.h */,
			);
			name = cl_debug;
			path = ../cl_debug;
			sourceTree = SOURCE_ROOT;
		};
		E5FA62FB104E574000F43836 /* CLcutils */ = {
			isa = PBXGroup;
			children = (
				E5FA62FC104E574000F43836 /* cl_genutils.c */,
				E5FA62FD104E574000F43836 /* cl_genutils.h */,
				E5FA62FE104E574000F43836 /* CLSTLFunctions.cpp */,
				E5FA62FF104E574000F43836 /* CLSTLFunctions.h */,
				E5FA6300104E574000F43836 /* cutils_bsd.c */,
				E5FA6301104E574000F43836 /* cutils_bsd.h */,
			);
			name = CLcutils;
			path = ../CLcutils;
			sourceTree = SOURCE_ROOT;
		};
/* End PBXGroup section */

/* Begin PBXNativeTarget section */
		8DD76FA90486AB0100D96B5E /* CLChessUtilsTests */ = {
			isa = PBXNativeTarget;
			buildConfigurationList = 1DEB928508733DD80010E9CD /* Build configuration list for PBXNativeTarget "CLChessUtilsTests" */;
			buildPhases = (
				8DD76FAB0486AB0100D96B5E /* Sources */,
				8DD76FAD0486AB0100D96B5E /* Frameworks */,
				8DD76FAF0486AB0100D96B5E /* CopyFiles */,
			);
			buildRules = (
			);
			dependencies = (
			);
			name = CLChessUtilsTests;
			productInstallPath = "$(HOME)/bin";
			productName = CLChessUtils;
			productReference = 8DD76FB20486AB0100D96B5E /* CLChessUtils */;
			productType = "com.apple.product-type.tool";
		};
/* End PBXNativeTarget section */

/* Begin PBXProject section */
		08FB7793FE84155DC02AAC07 /* Project object */ = {
			isa = PBXProject;
			buildConfigurationList = 1DEB928908733DD80010E9CD /* Build configuration list for PBXProject "CLChessUtils" */;
			compatibilityVersion = "Xcode 3.1";
			hasScannedForEncodings = 1;
			mainGroup = 08FB7794FE84155DC02AAC07 /* CLChessUtils */;
			projectDirPath = "";
			projectRoot = "";
			targets = (
				8DD76FA90486AB0100D96B5E /* CLChessUtilsTests */,
			);
		};
/* End PBXProject section */

/* Begin PBXSourcesBuildPhase section */
		8DD76FAB0486AB0100D96B5E /* Sources */ = {
			isa = PBXSourcesBuildPhase;
			buildActionMask = 2147483647;
			files = (
				8DD76FAC0486AB0100D96B5E /* main.c in Sources */,
				E5FA6302104E574000F43836 /* cl_debug.c in Sources */,
				E5FA6303104E574000F43836 /* cl_genutils.c in Sources */,
				E5FA6304104E574000F43836 /* CLSTLFunctions.cpp in Sources */,
				E5FA6305104E574000F43836 /* cutils_bsd.c in Sources */,
				E574398410DE50A60009A9E5 /* cl_smith2san_cunittest.c in Sources */,
				E57B09601176DEDB00E03991 /* cl_smith_utils.c in Sources */,
				E57B09711176E1E300E03991 /* cl_chess_defs.c in Sources */,
				E57B09AB1176EAC300E03991 /* cl_gensmith_cunittest.c in Sources */,
				E57B0A4B1176FD9F00E03991 /* cl_chess_utils.c in Sources */,
			);
			runOnlyForDeploymentPostprocessing = 0;
		};
/* End PBXSourcesBuildPhase section */

/* Begin XCBuildConfiguration section */
		1DEB928608733DD80010E9CD /* Debug */ = {
			isa = XCBuildConfiguration;
			buildSettings = {
				ALWAYS_SEARCH_USER_PATHS = NO;
				COPY_PHASE_STRIP = NO;
				GCC_DYNAMIC_NO_PIC = NO;
				GCC_ENABLE_FIX_AND_CONTINUE = YES;
				GCC_MODEL_TUNING = G5;
				GCC_OPTIMIZATION_LEVEL = 0;
				GCC_WARN_ABOUT_MISSING_NEWLINE = YES;
				INSTALL_PATH = /usr/local/bin;
				PRODUCT_NAME = CLChessUtils;
			};
			name = Debug;
		};
		1DEB928708733DD80010E9CD /* Release */ = {
			isa = XCBuildConfiguration;
			buildSettings = {
				ALWAYS_SEARCH_USER_PATHS = NO;
				DEBUG_INFORMATION_FORMAT = "dwarf-with-dsym";
				GCC_MODEL_TUNING = G5;
				GCC_WARN_ABOUT_MISSING_NEWLINE = YES;
				INSTALL_PATH = /usr/local/bin;
				PRODUCT_NAME = CLChessUtils;
			};
			name = Release;
		};
		1DEB928A08733DD80010E9CD /* Debug */ = {
			isa = XCBuildConfiguration;
			buildSettings = {
				ARCHS = "$(ARCHS_STANDARD_32_BIT)";
				GCC_C_LANGUAGE_STANDARD = c99;
				GCC_OPTIMIZATION_LEVEL = 0;
				GCC_WARN_ABOUT_RETURN_TYPE = YES;
				GCC_WARN_UNUSED_VARIABLE = YES;
				HEADER_SEARCH_PATHS = (
					"/usr/local/include/**",
					"../CLcutils/**",
					../cl_debug,
				);
				ONLY_ACTIVE_ARCH = YES;
				PREBINDING = NO;
				SDKROOT = macosx10.5;
			};
			name = Debug;
		};
		1DEB928B08733DD80010E9CD /* Release */ = {
			isa = XCBuildConfiguration;
			buildSettings = {
				ARCHS = "$(ARCHS_STANDARD_32_BIT)";
				GCC_C_LANGUAGE_STANDARD = c99;
				GCC_WARN_ABOUT_RETURN_TYPE = YES;
				GCC_WARN_UNUSED_VARIABLE = YES;
				HEADER_SEARCH_PATHS = (
					"/usr/local/include/**",
					"../CLcutils/**",
					../cl_debug,
				);
				PREBINDING = NO;
				SDKROOT = macosx10.5;
			};
			name = Release;
		};
/* End XCBuildConfiguration section */

/* Begin XCConfigurationList section */
		1DEB928508733DD80010E9CD /* Build configuration list for PBXNativeTarget "CLChessUtilsTests" */ = {
			isa = XCConfigurationList;
			buildConfigurations = (
				1DEB928608733DD80010E9CD /* Debug */,
				1DEB928708733DD80010E9CD /* Release */,
			);
			defaultConfigurationIsVisible = 0;
			defaultConfigurationName = Release;
		};
		1DEB928908733DD80010E9CD /* Build configuration list for PBXProject "CLChessUtils" */ = {
			isa = XCConfigurationList;
			buildConfigurations = (
				1DEB928A08733DD80010E9CD /* Debug */,
				1DEB928B08733DD80010E9CD /* Release */,
			);
			defaultConfigurationIsVisible = 0;
			defaultConfigurationName = Release;
		};
/* End XCConfigurationList section */
	};
	rootObject = 08FB7793FE84155DC02AAC07 /* Project object */;
}
